
Microsoft Visual Studio Solution File, Format Version 12.00
# Visual Studio 15
VisualStudioVersion = 15.0.28307.757
MinimumVisualStudioVersion = 10.0.40219.1
Project("{FAE04EC0-301F-11D3-BF4B-00C04F79EFBC}") = "Tutorial 001 - Process Hook", "Tutorial 001 - Process Hook\Tutorial 001 - Process Hook.csproj", "{38E14C7B-E232-4B4E-9E71-7B875BF7A8F3}"
EndProject
Project("{FAE04EC0-301F-11D3-BF4B-00C04F79EFBC}") = "Tutorial 002 - Read Memory", "Tutorial 002 - Read Memory\Tutorial 002 - Read Memory.csproj", "{840CE0D4-DDED-4E20-9DDE-AFA5231C5AF5}"
EndProject
Project("{FAE04EC0-301F-11D3-BF4B-00C04F79EFBC}") = "Tutorial 003 - Overlay Window", "Tutorial 003 - Overlay Window\Tutorial 003 - Overlay Window.csproj", "{8B39ED50-590B-4DF0-8677-79CBF4D05A7A}"
EndProject
Project("{FAE04EC0-301F-11D3-BF4B-00C04F79EFBC}") = "Tutorial 004 - Graphics", "Tutorial 004 - Graphics\Tutorial 004 - Graphics.csproj", "{890BA6F4-46E8-4C15-AABC-ABA2C3A40400}"
EndProject
Project("{FAE04EC0-301F-11D3-BF4B-00C04F79EFBC}") = "Tutorial 005 - ESP Aim Crosshair", "Tutorial 005 - ESP Aim Crosshair\Tutorial 005 - ESP Aim Crosshair.csproj", "{DD61DD25-8A4C-4FDD-9A4A-104CD3780816}"
EndProject
Project("{FAE04EC0-301F-11D3-BF4B-00C04F79EFBC}") = "Tutorial 006 - ESP Skeleton", "Tutorial 006 - ESP Skeleton\Tutorial 006 - ESP Skeleton.csproj", "{A3CEDBFC-1315-45A5-B79E-874C25167980}"
EndProject
Project("{FAE04EC0-301F-11D3-BF4B-00C04F79EFBC}") = "Tutorial 007 - ESP HitBoxes", "Tutorial 007 - ESP HitBoxes\Tutorial 007 - ESP HitBoxes.csproj", "{EAE2D609-C43F-455E-8102-AC98E005C563}"
EndProject
Project("{FAE04EC0-301F-11D3-BF4B-00C04F79EFBC}") = "Tutorial 008 - Trigger Bot", "Tutorial 008 - Trigger Bot\Tutorial 008 - Trigger Bot.csproj", "{859621D3-DA61-4A36-8EDD-069AB6317776}"
EndProject
Global
	GlobalSection(SolutionConfigurationPlatforms) = preSolution
		Debug|Any CPU = Debug|Any CPU
		Release|Any CPU = Release|Any CPU
	EndGlobalSection
	GlobalSection(ProjectConfigurationPlatforms) = postSolution
		{38E14C7B-E232-4B4E-9E71-7B875BF7A8F3}.Debug|Any CPU.ActiveCfg = Debug|Any CPU
		{38E14C7B-E232-4B4E-9E71-7B875BF7A8F3}.Debug|Any CPU.Build.0 = Debug|Any CPU
		{38E14C7B-E232-4B4E-9E71-7B875BF7A8F3}.Release|Any CPU.ActiveCfg = Release|Any CPU
		{38E14C7B-E232-4B4E-9E71-7B875BF7A8F3}.Release|Any CPU.Build.0 = Release|Any CPU
		{840CE0D4-DDED-4E20-9DDE-AFA5231C5AF5}.Debug|Any CPU.ActiveCfg = Debug|Any CPU
		{840CE0D4-DDED-4E20-9DDE-AFA5231C5AF5}.Debug|Any CPU.Build.0 = Debug|Any CPU
		{840CE0D4-DDED-4E20-9DDE-AFA5231C5AF5}.Release|Any CPU.ActiveCfg = Release|Any CPU
		{840CE0D4-DDED-4E20-9DDE-AFA5231C5AF5}.Release|Any CPU.Build.0 = Release|Any CPU
		{8B39ED50-590B-4DF0-8677-79CBF4D05A7A}.Debug|Any CPU.ActiveCfg = Debug|Any CPU
		{8B39ED50-590B-4DF0-8677-79CBF4D05A7A}.Debug|Any CPU.Build.0 = Debug|Any CPU
		{8B39ED50-590B-4DF0-8677-79CBF4D05A7A}.Release|Any CPU.ActiveCfg = Release|Any CPU
		{8B39ED50-590B-4DF0-8677-79CBF4D05A7A}.Release|Any CPU.Build.0 = Release|Any CPU
		{890BA6F4-46E8-4C15-AABC-ABA2C3A40400}.Debug|Any CPU.ActiveCfg = Debug|Any CPU
		{890BA6F4-46E8-4C15-AABC-ABA2C3A40400}.Debug|Any CPU.Build.0 = Debug|Any CPU
		{890BA6F4-46E8-4C15-AABC-ABA2C3A40400}.Release|Any CPU.ActiveCfg = Release|Any CPU
		{890BA6F4-46E8-4C15-AABC-ABA2C3A40400}.Release|Any CPU.Build.0 = Release|Any CPU
		{DD61DD25-8A4C-4FDD-9A4A-104CD3780816}.Debug|Any CPU.ActiveCfg = Debug|Any CPU
		{DD61DD25-8A4C-4FDD-9A4A-104CD3780816}.Debug|Any CPU.Build.0 = Debug|Any CPU
		{DD61DD25-8A4C-4FDD-9A4A-104CD3780816}.Release|Any CPU.ActiveCfg = Release|Any CPU
		{DD61DD25-8A4C-4FDD-9A4A-104CD3780816}.Release|Any CPU.Build.0 = Release|Any CPU
		{A3CEDBFC-1315-45A5-B79E-874C25167980}.Debug|Any CPU.ActiveCfg = Debug|Any CPU
		{A3CEDBFC-1315-45A5-B79E-874C25167980}.Debug|Any CPU.Build.0 = Debug|Any CPU
		{A3CEDBFC-1315-45A5-B79E-874C25167980}.Release|Any CPU.ActiveCfg = Release|Any CPU
		{A3CEDBFC-1315-45A5-B79E-874C25167980}.Release|Any CPU.Build.0 = Release|Any CPU
		{EAE2D609-C43F-455E-8102-AC98E005C563}.Debug|Any CPU.ActiveCfg = Debug|Any CPU
		{EAE2D609-C43F-455E-8102-AC98E005C563}.Debug|Any CPU.Build.0 = Debug|Any CPU
		{EAE2D609-C43F-455E-8102-AC98E005C563}.Release|Any CPU.ActiveCfg = Release|Any CPU
		{EAE2D609-C43F-455E-8102-AC98E005C563}.Release|Any CPU.Build.0 = Release|Any CPU
		{859621D3-DA61-4A36-8EDD-069AB6317776}.Debug|Any CPU.ActiveCfg = Debug|Any CPU
		{859621D3-DA61-4A36-8EDD-069AB6317776}.Debug|Any CPU.Build.0 = Debug|Any CPU
		{859621D3-DA61-4A36-8EDD-069AB6317776}.Release|Any CPU.ActiveCfg = Release|Any CPU
		{859621D3-DA61-4A36-8EDD-069AB6317776}.Release|Any CPU.Build.0 = Release|Any CPU
	EndGlobalSection
	GlobalSection(SolutionProperties) = preSolution
		HideSolutionNode = FALSE
	EndGlobalSection
	GlobalSection(ExtensibilityGlobals) = postSolution
		SolutionGuid = {540D6EAB-EC1F-4DAB-BB0D-9F44F7B9B017}
	EndGlobalSection
EndGlobal
